// !$*UTF8*$!
{
	archiveVersion = 1;
	classes = {
	};
	objectVersion = 46;
	objects = {

/* Begin PBXBuildFile section */
		3003F3EB1A6E777E003A3896 /* ExtensionListViewController.swift in Sources */ = {isa = PBXBuildFile; fileRef = 3003F3EA1A6E777E003A3896 /* ExtensionListViewController.swift */; };
		30E5A94B1A6CEFDB00606900 /* AppDelegate.swift in Sources */ = {isa = PBXBuildFile; fileRef = 30E5A94A1A6CEFDB00606900 /* AppDelegate.swift */; };
		30E5A94D1A6CEFDB00606900 /* ViewController.swift in Sources */ = {isa = PBXBuildFile; fileRef = 30E5A94C1A6CEFDB00606900 /* ViewController.swift */; };
		30E5A94F1A6CEFDB00606900 /* Images.xcassets in Resources */ = {isa = PBXBuildFile; fileRef = 30E5A94E1A6CEFDB00606900 /* Images.xcassets */; };
		30E5A9521A6CEFDB00606900 /* Main.storyboard in Resources */ = {isa = PBXBuildFile; fileRef = 30E5A9501A6CEFDB00606900 /* Main.storyboard */; };
		30E5A95E1A6CEFDB00606900 /* SearchImagesTests.swift in Sources */ = {isa = PBXBuildFile; fileRef = 30E5A95D1A6CEFDB00606900 /* SearchImagesTests.swift */; };
		30E5A9761A6D4D0300606900 /* QueryManager.swift in Sources */ = {isa = PBXBuildFile; fileRef = 30E5A9751A6D4D0300606900 /* QueryManager.swift */; };
/* End PBXBuildFile section */

/* Begin PBXContainerItemProxy section */
		30E5A9581A6CEFDB00606900 /* PBXContainerItemProxy */ = {
			isa = PBXContainerItemProxy;
			containerPortal = 30E5A93D1A6CEFDB00606900 /* Project object */;
			proxyType = 1;
			remoteGlobalIDString = 30E5A9441A6CEFDB00606900;
			remoteInfo = SearchImages;
		};
/* End PBXContainerItemProxy section */

/* Begin PBXFileReference section */
		3003F3EA1A6E777E003A3896 /* ExtensionListViewController.swift */ = {isa = PBXFileReference; fileEncoding = 4; lastKnownFileType = sourcecode.swift; path = ExtensionListViewController.swift; sourceTree = "<group>"; };
		30E5A9451A6CEFDB00606900 /* SearchImages.app */ = {isa = PBXFileReference; explicitFileType = wrapper.application; includeInIndex = 0; path = SearchImages.app; sourceTree = BUILT_PRODUCTS_DIR; };
		30E5A9491A6CEFDB00606900 /* Info.plist */ = {isa = PBXFileReference; lastKnownFileType = text.plist.xml; path = Info.plist; sourceTree = "<group>"; };
		30E5A94A1A6CEFDB00606900 /* AppDelegate.swift */ = {isa = PBXFileReference; lastKnownFileType = sourcecode.swift; path = AppDelegate.swift; sourceTree = "<group>"; };
		30E5A94C1A6CEFDB00606900 /* ViewController.swift */ = {isa = PBXFileReference; lastKnownFileType = sourcecode.swift; path = ViewController.swift; sourceTree = "<group>"; };
		30E5A94E1A6CEFDB00606900 /* Images.xcassets */ = {isa = PBXFileReference; lastKnownFileType = folder.assetcatalog; path = Images.xcassets; sourceTree = "<group>"; };
		30E5A9511A6CEFDB00606900 /* Base */ = {isa = PBXFileReference; lastKnownFileType = file.storyboard; name = Base; path = Base.lproj/Main.storyboard; sourceTree = "<group>"; };
		30E5A9571A6CEFDB00606900 /* SearchImagesTests.xctest */ = {isa = PBXFileReference; explicitFileType = wrapper.cfbundle; includeInIndex = 0; path = SearchImagesTests.xctest; sourceTree = BUILT_PRODUCTS_DIR; };
		30E5A95C1A6CEFDB00606900 /* Info.plist */ = {isa = PBXFileReference; lastKnownFileType = text.plist.xml; path = Info.plist; sourceTree = "<group>"; };
		30E5A95D1A6CEFDB00606900 /* SearchImagesTests.swift */ = {isa = PBXFileReference; lastKnownFileType = sourcecode.swift; path = SearchImagesTests.swift; sourceTree = "<group>"; };
		30E5A9711A6D481700606900 /* SearchImages-Bridging-Header.h */ = {isa = PBXFileReference; lastKnownFileType = sourcecode.c.h; path = "SearchImages-Bridging-Header.h"; sourceTree = "<group>"; };
		30E5A9751A6D4D0300606900 /* QueryManager.swift */ = {isa = PBXFileReference; fileEncoding = 4; lastKnownFileType = sourcecode.swift; path = QueryManager.swift; sourceTree = "<group>"; };
/* End PBXFileReference section */

/* Begin PBXFrameworksBuildPhase section */
		30E5A9421A6CEFDB00606900 /* Frameworks */ = {
			isa = PBXFrameworksBuildPhase;
			buildActionMask = 2147483647;
			files = (
			);
			runOnlyForDeploymentPostprocessing = 0;
		};
		30E5A9541A6CEFDB00606900 /* Frameworks */ = {
			isa = PBXFrameworksBuildPhase;
			buildActionMask = 2147483647;
			files = (
			);
			runOnlyForDeploymentPostprocessing = 0;
		};
/* End PBXFrameworksBuildPhase section */

/* Begin PBXGroup section */
		30E5A93C1A6CEFDB00606900 = {
			isa = PBXGroup;
			children = (
				30E5A9471A6CEFDB00606900 /* SearchImages */,
				30E5A95A1A6CEFDB00606900 /* SearchImagesTests */,
				30E5A9461A6CEFDB00606900 /* Products */,
			);
			sourceTree = "<group>";
		};
		30E5A9461A6CEFDB00606900 /* Products */ = {
			isa = PBXGroup;
			children = (
				30E5A9451A6CEFDB00606900 /* SearchImages.app */,
				30E5A9571A6CEFDB00606900 /* SearchImagesTests.xctest */,
			);
			name = Products;
			sourceTree = "<group>";
		};
		30E5A9471A6CEFDB00606900 /* SearchImages */ = {
			isa = PBXGroup;
			children = (
				30E5A94A1A6CEFDB00606900 /* AppDelegate.swift */,
				30E5A94C1A6CEFDB00606900 /* ViewController.swift */,
				30E5A9751A6D4D0300606900 /* QueryManager.swift */,
				3003F3EA1A6E777E003A3896 /* ExtensionListViewController.swift */,
				30E5A94E1A6CEFDB00606900 /* Images.xcassets */,
				30E5A9501A6CEFDB00606900 /* Main.storyboard */,
				30E5A9481A6CEFDB00606900 /* Supporting Files */,
				30E5A9711A6D481700606900 /* SearchImages-Bridging-Header.h */,
			);
			path = SearchImages;
			sourceTree = "<group>";
		};
		30E5A9481A6CEFDB00606900 /* Supporting Files */ = {
			isa = PBXGroup;
			children = (
				30E5A9491A6CEFDB00606900 /* Info.plist */,
			);
			name = "Supporting Files";
			sourceTree = "<group>";
		};
		30E5A95A1A6CEFDB00606900 /* SearchImagesTests */ = {
			isa = PBXGroup;
			children = (
				30E5A95D1A6CEFDB00606900 /* SearchImagesTests.swift */,
				30E5A95B1A6CEFDB00606900 /* Supporting Files */,
			);
			path = SearchImagesTests;
			sourceTree = "<group>";
		};
		30E5A95B1A6CEFDB00606900 /* Supporting Files */ = {
			isa = PBXGroup;
			children = (
				30E5A95C1A6CEFDB00606900 /* Info.plist */,
			);
			name = "Supporting Files";
			sourceTree = "<group>";
		};
/* End PBXGroup section */

/* Begin PBXNativeTarget section */
		30E5A9441A6CEFDB00606900 /* SearchImages */ = {
			isa = PBXNativeTarget;
			buildConfigurationList = 30E5A9611A6CEFDB00606900 /* Build configuration list for PBXNativeTarget "SearchImages" */;
			buildPhases = (
				30E5A9411A6CEFDB00606900 /* Sources */,
				30E5A9421A6CEFDB00606900 /* Frameworks */,
				30E5A9431A6CEFDB00606900 /* Resources */,
			);
			buildRules = (
			);
			dependencies = (
			);
			name = SearchImages;
			productName = SearchImages;
			productReference = 30E5A9451A6CEFDB00606900 /* SearchImages.app */;
			productType = "com.apple.product-type.application";
		};
		30E5A9561A6CEFDB00606900 /* SearchImagesTests */ = {
			isa = PBXNativeTarget;
			buildConfigurationList = 30E5A9641A6CEFDB00606900 /* Build configuration list for PBXNativeTarget "SearchImagesTests" */;
			buildPhases = (
				30E5A9531A6CEFDB00606900 /* Sources */,
				30E5A9541A6CEFDB00606900 /* Frameworks */,
				30E5A9551A6CEFDB00606900 /* Resources */,
			);
			buildRules = (
			);
			dependencies = (
				30E5A9591A6CEFDB00606900 /* PBXTargetDependency */,
			);
			name = SearchImagesTests;
			productName = SearchImagesTests;
			productReference = 30E5A9571A6CEFDB00606900 /* SearchImagesTests.xctest */;
			productType = "com.apple.product-type.bundle.unit-test";
		};
/* End PBXNativeTarget section */

/* Begin PBXProject section */
		30E5A93D1A6CEFDB00606900 /* Project object */ = {
			isa = PBXProject;
			attributes = {
				LastUpgradeCheck = 0610;
				ORGANIZATIONNAME = Sheen;
				TargetAttributes = {
					30E5A9441A6CEFDB00606900 = {
						CreatedOnToolsVersion = 6.1;
					};
					30E5A9561A6CEFDB00606900 = {
						CreatedOnToolsVersion = 6.1;
						TestTargetID = 30E5A9441A6CEFDB00606900;
					};
				};
			};
			buildConfigurationList = 30E5A9401A6CEFDB00606900 /* Build configuration list for PBXProject "SearchImages" */;
			compatibilityVersion = "Xcode 3.2";
			developmentRegion = English;
			hasScannedForEncodings = 0;
			knownRegions = (
				en,
				Base,
			);
			mainGroup = 30E5A93C1A6CEFDB00606900;
			productRefGroup = 30E5A9461A6CEFDB00606900 /* Products */;
			projectDirPath = "";
			projectRoot = "";
			targets = (
				30E5A9441A6CEFDB00606900 /* SearchImages */,
				30E5A9561A6CEFDB00606900 /* SearchImagesTests */,
			);
		};
/* End PBXProject section */

/* Begin PBXResourcesBuildPhase section */
		30E5A9431A6CEFDB00606900 /* Resources */ = {
			isa = PBXResourcesBuildPhase;
			buildActionMask = 2147483647;
			files = (
				30E5A94F1A6CEFDB00606900 /* Images.xcassets in Resources */,
				30E5A9521A6CEFDB00606900 /* Main.storyboard in Resources */,
			);
			runOnlyForDeploymentPostprocessing = 0;
		};
		30E5A9551A6CEFDB00606900 /* Resources */ = {
			isa = PBXResourcesBuildPhase;
			buildActionMask = 2147483647;
			files = (
			);
			runOnlyForDeploymentPostprocessing = 0;
		};
/* End PBXResourcesBuildPhase section */

/* Begin PBXSourcesBuildPhase section */
		30E5A9411A6CEFDB00606900 /* Sources */ = {
			isa = PBXSourcesBuildPhase;
			buildActionMask = 2147483647;
			files = (
				3003F3EB1A6E777E003A3896 /* ExtensionListViewController.swift in Sources */,
				30E5A94D1A6CEFDB00606900 /* ViewController.swift in Sources */,
				30E5A94B1A6CEFDB00606900 /* AppDelegate.swift in Sources */,
				30E5A9761A6D4D0300606900 /* QueryManager.swift in Sources */,
			);
			runOnlyForDeploymentPostprocessing = 0;
		};
		30E5A9531A6CEFDB00606900 /* Sources */ = {
			isa = PBXSourcesBuildPhase;
			buildActionMask = 2147483647;
			files = (
				30E5A95E1A6CEFDB00606900 /* SearchImagesTests.swift in Sources */,
			);
			runOnlyForDeploymentPostprocessing = 0;
		};
/* End PBXSourcesBuildPhase section */

/* Begin PBXTargetDependency section */
		30E5A9591A6CEFDB00606900 /* PBXTargetDependency */ = {
			isa = PBXTargetDependency;
			target = 30E5A9441A6CEFDB00606900 /* SearchImages */;
			targetProxy = 30E5A9581A6CEFDB00606900 /* PBXContainerItemProxy */;
		};
/* End PBXTargetDependency section */

/* Begin PBXVariantGroup section */
		30E5A9501A6CEFDB00606900 /* Main.storyboard */ = {
			isa = PBXVariantGroup;
			children = (
				30E5A9511A6CEFDB00606900 /* Base */,
			);
			name = Main.storyboard;
			sourceTree = "<group>";
		};
/* End PBXVariantGroup section */

/* Begin XCBuildConfiguration section */
		30E5A95F1A6CEFDB00606900 /* Debug */ = {
			isa = XCBuildConfiguration;
			buildSettings = {
				ALWAYS_SEARCH_USER_PATHS = NO;
				CLANG_CXX_LANGUAGE_STANDARD = "gnu++0x";
				CLANG_CXX_LIBRARY = "libc++";
				CLANG_ENABLE_MODULES = YES;
				CLANG_ENABLE_OBJC_ARC = YES;
				CLANG_WARN_BOOL_CONVERSION = YES;
				CLANG_WARN_CONSTANT_CONVERSION = YES;
				CLANG_WARN_DIRECT_OBJC_ISA_USAGE = YES_ERROR;
				CLANG_WARN_EMPTY_BODY = YES;
				CLANG_WARN_ENUM_CONVERSION = YES;
				CLANG_WARN_INT_CONVERSION = YES;
				CLANG_WARN_OBJC_ROOT_CLASS = YES_ERROR;
				CLANG_WARN_UNREACHABLE_CODE = YES;
				CLANG_WARN__DUPLICATE_METHOD_MATCH = YES;
				CODE_SIGN_IDENTITY = "-";
				COPY_PHASE_STRIP = NO;
				ENABLE_STRICT_OBJC_MSGSEND = YES;
				GCC_C_LANGUAGE_STANDARD = gnu99;
				GCC_DYNAMIC_NO_PIC = NO;
				GCC_OPTIMIZATION_LEVEL = 0;
				GCC_PREPROCESSOR_DEFINITIONS = (
					"DEBUG=1",
					"$(inherited)",
				);
				GCC_SYMBOLS_PRIVATE_EXTERN = NO;
				GCC_WARN_64_TO_32_BIT_CONVERSION = YES;
				GCC_WARN_ABOUT_RETURN_TYPE = YES_ERROR;
				GCC_WARN_UNDECLARED_SELECTOR = YES;
				GCC_WARN_UNINITIALIZED_AUTOS = YES_AGGRESSIVE;
				GCC_WARN_UNUSED_FUNCTION = YES;
				GCC_WARN_UNUSED_VARIABLE = YES;
				MACOSX_DEPLOYMENT_TARGET = 10.10;
				MTL_ENABLE_DEBUG_INFO = YES;
				ONLY_ACTIVE_ARCH = YES;
				SDKROOT = macosx;
				SWIFT_OPTIMIZATION_LEVEL = "-Onone";
			};
			name = Debug;
		};
		30E5A9601A6CEFDB00606900 /* Release */ = {
			isa = XCBuildConfiguration;
			buildSettings = {
				ALWAYS_SEARCH_USER_PATHS = NO;
				CLANG_CXX_LANGUAGE_STANDARD = "gnu++0x";
				CLANG_CXX_LIBRARY = "libc++";
				CLANG_ENABLE_MODULES = YES;
				CLANG_ENABLE_OBJC_ARC = YES;
				CLANG_WARN_BOOL_CONVERSION = YES;
				CLANG_WARN_CONSTANT_CONVERSION = YES;
				CLANG_WARN_DIRECT_OBJC_ISA_USAGE = YES_ERROR;
				CLANG_WARN_EMPTY_BODY = YES;
				CLANG_WARN_ENUM_CONVERSION = YES;
				CLANG_WARN_INT_CONVERSION = YES;
				CLANG_WARN_OBJC_ROOT_CLASS = YES_ERROR;
				CLANG_WARN_UNREACHABLE_CODE = YES;
				CLANG_WARN__DUPLICATE_METHOD_MATCH = YES;
				CODE_SIGN_IDENTITY = "-";
				COPY_PHASE_STRIP = YES;
				DEBUG_INFORMATION_FORMAT = "dwarf-with-dsym";
				ENABLE_NS_ASSERTIONS = NO;
				ENABLE_STRICT_OBJC_MSGSEND = YES;
				GCC_C_LANGUAGE_STANDARD = gnu99;
				GCC_WARN_64_TO_32_BIT_CONVERSION = YES;
				GCC_WARN_ABOUT_RETURN_TYPE = YES_ERROR;
				GCC_WARN_UNDECLARED_SELECTOR = YES;
				GCC_WARN_UNINITIALIZED_AUTOS = YES_AGGRESSIVE;
				GCC_WARN_UNUSED_FUNCTION = YES;
				GCC_WARN_UNUSED_VARIABLE = YES;
				MACOSX_DEPLOYMENT_TARGET = 10.10;
				MTL_ENABLE_DEBUG_INFO = NO;
				SDKROOT = macosx;
			};
			name = Release;
		};
		30E5A9621A6CEFDB00606900 /* Debug */ = {
			isa = XCBuildConfiguration;
			buildSettings = {
				ASSETCATALOG_COMPILER_APPICON_NAME = AppIcon;
				CLANG_ENABLE_MODULES = YES;
				COMBINE_HIDPI_IMAGES = YES;
				INFOPLIST_FILE = SearchImages/Info.plist;
				LD_RUNPATH_SEARCH_PATHS = "$(inherited) @executable_path/../Frameworks";
				PRODUCT_NAME = "$(TARGET_NAME)";
				SWIFT_OBJC_BRIDGING_HEADER = "SearchImages/SearchImages-Bridging-Header.h";
				SWIFT_OPTIMIZATION_LEVEL = "-Onone";
			};
			name = Debug;
		};
		30E5A9631A6CEFDB00606900 /* Release */ = {
			isa = XCBuildConfiguration;
			buildSettings = {
				ASSETCATALOG_COMPILER_APPICON_NAME = AppIcon;
				CLANG_ENABLE_MODULES = YES;
				COMBINE_HIDPI_IMAGES = YES;
				INFOPLIST_FILE = SearchImages/Info.plist;
				LD_RUNPATH_SEARCH_PATHS = "$(inherited) @executable_path/../Frameworks";
				PRODUCT_NAME = "$(TARGET_NAME)";
				SWIFT_OBJC_BRIDGING_HEADER = "SearchImages/SearchImages-Bridging-Header.h";
			};
			name = Release;
		};
		30E5A9651A6CEFDB00606900 /* Debug */ = {
			isa = XCBuildConfiguration;
			buildSettings = {
				BUNDLE_LOADER = "$(TEST_HOST)";
				COMBINE_HIDPI_IMAGES = YES;
				FRAMEWORK_SEARCH_PATHS = (
					"$(DEVELOPER_FRAMEWORKS_DIR)",
					"$(inherited)",
				);
				GCC_PREPROCESSOR_DEFINITIONS = (
					"DEBUG=1",
					"$(inherited)",
				);
				INFOPLIST_FILE = SearchImagesTests/Info.plist;
				LD_RUNPATH_SEARCH_PATHS = "$(inherited) @executable_path/../Frameworks @loader_path/../Frameworks";
				PRODUCT_NAME = "$(TARGET_NAME)";
				TEST_HOST = "$(BUILT_PRODUCTS_DIR)/SearchImages.app/Contents/MacOS/SearchImages";
			};
			name = Debug;
		};
		30E5A9661A6CEFDB00606900 /* Release */ = {
			isa = XCBuildConfiguration;
			buildSettings = {
				BUNDLE_LOADER = "$(TEST_HOST)";
				COMBINE_HIDPI_IMAGES = YES;
				FRAMEWORK_SEARCH_PATHS = (
					"$(DEVELOPER_FRAMEWORKS_DIR)",
					"$(inherited)",
				);
				INFOPLIST_FILE = SearchImagesTests/Info.plist;
				LD_RUNPATH_SEARCH_PATHS = "$(inherited) @executable_path/../Frameworks @loader_path/../Frameworks";
				PRODUCT_NAME = "$(TARGET_NAME)";
				TEST_HOST = "$(BUILT_PRODUCTS_DIR)/SearchImages.app/Contents/MacOS/SearchImages";
			};
			name = Release;
		};
/* End XCBuildConfiguration section */

/* Begin XCConfigurationList section */
		30E5A9401A6CEFDB00606900 /* Build configuration list for PBXProject "SearchImages" */ = {
			isa = XCConfigurationList;
			buildConfigurations = (
				30E5A95F1A6CEFDB00606900 /* Debug */,
				30E5A9601A6CEFDB00606900 /* Release */,
			);
			defaultConfigurationIsVisible = 0;
			defaultConfigurationName = Release;
		};
		30E5A9611A6CEFDB00606900 /* Build configuration list for PBXNativeTarget "SearchImages" */ = {
			isa = XCConfigurationList;
			buildConfigurations = (
				30E5A9621A6CEFDB00606900 /* Debug */,
				30E5A9631A6CEFDB00606900 /* Release */,
			);
			defaultConfigurationIsVisible = 0;
			defaultConfigurationName = Release;
		};
		30E5A9641A6CEFDB00606900 /* Build configuration list for PBXNativeTarget "SearchImagesTests" */ = {
			isa = XCConfigurationList;
			buildConfigurations = (
				30E5A9651A6CEFDB00606900 /* Debug */,
				30E5A9661A6CEFDB00606900 /* Release */,
			);
			defaultConfigurationIsVisible = 0;
			defaultConfigurationName = Release;
		};
/* End XCConfigurationList section */
	};
	rootObject = 30E5A93D1A6CEFDB00606900 /* Project object */;
}
